
Microsoft Visual Studio Solution File, Format Version 10.00
# Visual C++ Express 2008
Project("{8BC9CEB8-8B4A-11D0-8D11-00A0C91BC942}") = "Operator_Overloading_string", "Operator_Overloading_string\Operator_Overloading_string.vcproj", "{2D285D78-9BCA-4C16-8DF8-3BC33CF22685}"
EndProject
Project("{8BC9CEB8-8B4A-11D0-8D11-00A0C91BC942}") = "Operator_Overloading_DynArray", "Operator_Overloading_DynArray\Operator_Overloading_DynArray.vcproj", "{9BEDC649-3032-4A23-91B2-6362D30FF38B}"
EndProject
Project("{8BC9CEB8-8B4A-11D0-8D11-00A0C91BC942}") = "Operator_Overloading_Vector3", "Operator_Overloading_Vector3\Operator_Overloading_Vector3.vcproj", "{835B78AC-47C8-47AD-B29D-9E1C679BD553}"
EndProject
Global
	GlobalSection(SolutionConfigurationPlatforms) = preSolution
		Debug|Win32 = Debug|Win32
		Release|Win32 = Release|Win32
	EndGlobalSection
	GlobalSection(ProjectConfigurationPlatforms) = postSolution
		{2D285D78-9BCA-4C16-8DF8-3BC33CF22685}.Debug|Win32.ActiveCfg = Debug|Win32
		{2D285D78-9BCA-4C16-8DF8-3BC33CF22685}.Debug|Win32.Build.0 = Debug|Win32
		{2D285D78-9BCA-4C16-8DF8-3BC33CF22685}.Release|Win32.ActiveCfg = Release|Win32
		{2D285D78-9BCA-4C16-8DF8-3BC33CF22685}.Release|Win32.Build.0 = Release|Win32
		{9BEDC649-3032-4A23-91B2-6362D30FF38B}.Debug|Win32.ActiveCfg = Debug|Win32
		{9BEDC649-3032-4A23-91B2-6362D30FF38B}.Debug|Win32.Build.0 = Debug|Win32
		{9BEDC649-3032-4A23-91B2-6362D30FF38B}.Release|Win32.ActiveCfg = Release|Win32
		{9BEDC649-3032-4A23-91B2-6362D30FF38B}.Release|Win32.Build.0 = Release|Win32
		{835B78AC-47C8-47AD-B29D-9E1C679BD553}.Debug|Win32.ActiveCfg = Debug|Win32
		{835B78AC-47C8-47AD-B29D-9E1C679BD553}.Debug|Win32.Build.0 = Debug|Win32
		{835B78AC-47C8-47AD-B29D-9E1C679BD553}.Release|Win32.ActiveCfg = Release|Win32
		{835B78AC-47C8-47AD-B29D-9E1C679BD553}.Release|Win32.Build.0 = Release|Win32
	EndGlobalSection
	GlobalSection(SolutionProperties) = preSolution
		HideSolutionNode = FALSE
	EndGlobalSection
EndGlobal
