
Microsoft Visual Studio Solution File, Format Version 10.00
# Visual C++ Express 2008
Project("{8BC9CEB8-8B4A-11D0-8D11-00A0C91BC942}") = "PT_Netwerke_S3", "PT_Netwerke_S3.vcproj", "{3ACBC31E-E546-4769-BAB3-8F8A86253DB0}"
EndProject
Global
	GlobalSection(SolutionConfigurationPlatforms) = preSolution
		Debug|Win32 = Debug|Win32
		Release|Win32 = Release|Win32
	EndGlobalSection
	GlobalSection(ProjectConfigurationPlatforms) = postSolution
		{3ACBC31E-E546-4769-BAB3-8F8A86253DB0}.Debug|Win32.ActiveCfg = Debug|Win32
		{3ACBC31E-E546-4769-BAB3-8F8A86253DB0}.Debug|Win32.Build.0 = Debug|Win32
		{3ACBC31E-E546-4769-BAB3-8F8A86253DB0}.Release|Win32.ActiveCfg = Release|Win32
		{3ACBC31E-E546-4769-BAB3-8F8A86253DB0}.Release|Win32.Build.0 = Release|Win32
	EndGlobalSection
	GlobalSection(SolutionProperties) = preSolution
		HideSolutionNode = FALSE
	EndGlobalSection
EndGlobal
